
Microsoft Visual Studio Solution File, Format Version 12.00
# Visual Studio Version 16
VisualStudioVersion = 16.0.29025.244
MinimumVisualStudioVersion = 10.0.40219.1
Project("{FAE04EC0-301F-11D3-BF4B-00C04F79EFBC}") = "ProtocolBuffer", "ProtocolBuffer.csproj", "{42038AAF-FFDA-4EA7-AB30-C09B37B6496B}"
EndProject
Global
	GlobalSection(SolutionConfigurationPlatforms) = preSolution
		Debug|Any CPU = Debug|Any CPU
		Release|Any CPU = Release|Any CPU
	EndGlobalSection
	GlobalSection(ProjectConfigurationPlatforms) = postSolution
		{42038AAF-FFDA-4EA7-AB30-C09B37B6496B}.Debug|Any CPU.ActiveCfg = Debug|Any CPU
		{42038AAF-FFDA-4EA7-AB30-C09B37B6496B}.Debug|Any CPU.Build.0 = Debug|Any CPU
		{42038AAF-FFDA-4EA7-AB30-C09B37B6496B}.Release|Any CPU.ActiveCfg = Release|Any CPU
		{42038AAF-FFDA-4EA7-AB30-C09B37B6496B}.Release|Any CPU.Build.0 = Release|Any CPU
	EndGlobalSection
	GlobalSection(SolutionProperties) = preSolution
		HideSolutionNode = FALSE
	EndGlobalSection
	GlobalSection(ExtensibilityGlobals) = postSolution
		SolutionGuid = {77A4204A-8571-46E7-9BE5-6F7A77E98671}
	EndGlobalSection
EndGlobal
